Microsoft Visual Studio Solution File, Format Version 11.00
# Visual Studio 2008

Project("{D100E38C-C144-7B3E-4383-2F1FB294DDB8}") = "Gaze", "Assembly-CSharp.csproj", "{F13AFFDE-9772-252A-1710-AAD498DF2254}"
EndProject
Project("{D100E38C-C144-7B3E-4383-2F1FB294DDB8}") = "Gaze", "Assembly-CSharp-Editor.csproj", "{FE9BE736-5226-DB0F-0108-ED77A1C90653}"
EndProject
Global
	GlobalSection(SolutionConfigurationPlatforms) = preSolution
		Debug|Any CPU = Debug|Any CPU
		Release|Any CPU = Release|Any CPU
	EndGlobalSection
	GlobalSection(ProjectConfigurationPlatforms) = postSolution
		{F13AFFDE-9772-252A-1710-AAD498DF2254}.Debug|Any CPU.ActiveCfg = Debug|Any CPU
		{F13AFFDE-9772-252A-1710-AAD498DF2254}.Debug|Any CPU.Build.0 = Debug|Any CPU
		{F13AFFDE-9772-252A-1710-AAD498DF2254}.Release|Any CPU.ActiveCfg = Release|Any CPU
		{F13AFFDE-9772-252A-1710-AAD498DF2254}.Release|Any CPU.Build.0 = Release|Any CPU
		{FE9BE736-5226-DB0F-0108-ED77A1C90653}.Debug|Any CPU.ActiveCfg = Debug|Any CPU
		{FE9BE736-5226-DB0F-0108-ED77A1C90653}.Debug|Any CPU.Build.0 = Debug|Any CPU
		{FE9BE736-5226-DB0F-0108-ED77A1C90653}.Release|Any CPU.ActiveCfg = Release|Any CPU
		{FE9BE736-5226-DB0F-0108-ED77A1C90653}.Release|Any CPU.Build.0 = Release|Any CPU
	EndGlobalSection
	GlobalSection(SolutionProperties) = preSolution
		HideSolutionNode = FALSE
	EndGlobalSection
	GlobalSection(MonoDevelopProperties) = preSolution
		StartupItem = Assembly-CSharp.csproj
		Policies = $0
		$0.TextStylePolicy = $1
		$1.inheritsSet = null
		$1.scope = text/x-csharp
		$0.CSharpFormattingPolicy = $2
		$2.inheritsSet = Mono
		$2.inheritsScope = text/x-csharp
		$2.scope = text/x-csharp
		$0.TextStylePolicy = $3
		$3.FileWidth = 120
		$3.TabWidth = 4
		$3.IndentWidth = 4
		$3.EolMarker = Unix
		$3.inheritsSet = Mono
		$3.inheritsScope = text/plain
		$3.scope = text/plain
	EndGlobalSection
EndGlobal
